// !$*UTF8*$!
{
	archiveVersion = 1;
	classes = {
	};
	objectVersion = 46;
	objects = {

/* Begin PBXBuildFile section */
		D7B4EB1D1CD5A370008D62BB /* Constant.swift in Sources */ = {isa = PBXBuildFile; fileRef = D7B4EB1C1CD5A370008D62BB /* Constant.swift */; };
		D7B4EB201CD5A458008D62BB /* SystemConfiguration.framework in Frameworks */ = {isa = PBXBuildFile; fileRef = D7B4EB1F1CD5A458008D62BB /* SystemConfiguration.framework */; };
		D7B4EB221CD5AA28008D62BB /* HomeViewController.swift in Sources */ = {isa = PBXBuildFile; fileRef = D7B4EB211CD5AA28008D62BB /* HomeViewController.swift */; };
		D7B4EB261CD5C38C008D62BB /* Protocol.swift in Sources */ = {isa = PBXBuildFile; fileRef = D7B4EB251CD5C38C008D62BB /* Protocol.swift */; };
		D7B67FCB1CD4EC8B0034AFEF /* Reachability.m in Sources */ = {isa = PBXBuildFile; fileRef = D7B67FCA1CD4EC8B0034AFEF /* Reachability.m */; };
		D7B67FCF1CD4EDC60034AFEF /* GuideViewController.swift in Sources */ = {isa = PBXBuildFile; fileRef = D7B67FCE1CD4EDC60034AFEF /* GuideViewController.swift */; };
		D7B67FD11CD4EDE90034AFEF /* BaseViewController.swift in Sources */ = {isa = PBXBuildFile; fileRef = D7B67FD01CD4EDE90034AFEF /* BaseViewController.swift */; };
		D7CC6D311CD346DA004FB7F8 /* AppDelegate.swift in Sources */ = {isa = PBXBuildFile; fileRef = D7CC6D301CD346DA004FB7F8 /* AppDelegate.swift */; };
		D7CC6D361CD346DA004FB7F8 /* Main.storyboard in Resources */ = {isa = PBXBuildFile; fileRef = D7CC6D341CD346DA004FB7F8 /* Main.storyboard */; };
		D7CC6D381CD346DA004FB7F8 /* Assets.xcassets in Resources */ = {isa = PBXBuildFile; fileRef = D7CC6D371CD346DA004FB7F8 /* Assets.xcassets */; };
		D7CC6D3B1CD346DA004FB7F8 /* LaunchScreen.storyboard in Resources */ = {isa = PBXBuildFile; fileRef = D7CC6D391CD346DA004FB7F8 /* LaunchScreen.storyboard */; };
/* End PBXBuildFile section */

/* Begin PBXFileReference section */
		D7B4EB1C1CD5A370008D62BB /* Constant.swift */ = {isa = PBXFileReference; fileEncoding = 4; lastKnownFileType = sourcecode.swift; path = Constant.swift; sourceTree = "<group>"; };
		D7B4EB1F1CD5A458008D62BB /* SystemConfiguration.framework */ = {isa = PBXFileReference; lastKnownFileType = wrapper.framework; name = SystemConfiguration.framework; path = System/Library/Frameworks/SystemConfiguration.framework; sourceTree = SDKROOT; };
		D7B4EB211CD5AA28008D62BB /* HomeViewController.swift */ = {isa = PBXFileReference; fileEncoding = 4; lastKnownFileType = sourcecode.swift; path = HomeViewController.swift; sourceTree = "<group>"; };
		D7B4EB251CD5C38C008D62BB /* Protocol.swift */ = {isa = PBXFileReference; fileEncoding = 4; lastKnownFileType = sourcecode.swift; path = Protocol.swift; sourceTree = "<group>"; };
		D7B67FC91CD4EC8B0034AFEF /* Reachability.h */ = {isa = PBXFileReference; fileEncoding = 4; lastKnownFileType = sourcecode.c.h; path = Reachability.h; sourceTree = "<group>"; };
		D7B67FCA1CD4EC8B0034AFEF /* Reachability.m */ = {isa = PBXFileReference; fileEncoding = 4; lastKnownFileType = sourcecode.c.objc; path = Reachability.m; sourceTree = "<group>"; };
		D7B67FCC1CD4ECB10034AFEF /* iVegetables-Bridging-Header.h */ = {isa = PBXFileReference; fileEncoding = 4; lastKnownFileType = sourcecode.c.h; path = "iVegetables-Bridging-Header.h"; sourceTree = "<group>"; };
		D7B67FCE1CD4EDC60034AFEF /* GuideViewController.swift */ = {isa = PBXFileReference; fileEncoding = 4; lastKnownFileType = sourcecode.swift; path = GuideViewController.swift; sourceTree = "<group>"; };
		D7B67FD01CD4EDE90034AFEF /* BaseViewController.swift */ = {isa = PBXFileReference; fileEncoding = 4; lastKnownFileType = sourcecode.swift; path = BaseViewController.swift; sourceTree = "<group>"; };
		D7CC6D2D1CD346DA004FB7F8 /* iVegetables.app */ = {isa = PBXFileReference; explicitFileType = wrapper.application; includeInIndex = 0; path = iVegetables.app; sourceTree = BUILT_PRODUCTS_DIR; };
		D7CC6D301CD346DA004FB7F8 /* AppDelegate.swift */ = {isa = PBXFileReference; lastKnownFileType = sourcecode.swift; path = AppDelegate.swift; sourceTree = "<group>"; };
		D7CC6D351CD346DA004FB7F8 /* Base */ = {isa = PBXFileReference; lastKnownFileType = file.storyboard; name = Base; path = Base.lproj/Main.storyboard; sourceTree = "<group>"; };
		D7CC6D371CD346DA004FB7F8 /* Assets.xcassets */ = {isa = PBXFileReference; lastKnownFileType = folder.assetcatalog; path = Assets.xcassets; sourceTree = "<group>"; };
		D7CC6D3A1CD346DA004FB7F8 /* Base */ = {isa = PBXFileReference; lastKnownFileType = file.storyboard; name = Base; path = Base.lproj/LaunchScreen.storyboard; sourceTree = "<group>"; };
		D7CC6D3C1CD346DA004FB7F8 /* Info.plist */ = {isa = PBXFileReference; lastKnownFileType = text.plist.xml; path = Info.plist; sourceTree = "<group>"; };
/* End PBXFileReference section */

/* Begin PBXFrameworksBuildPhase section */
		D7CC6D2A1CD346DA004FB7F8 /* Frameworks */ = {
			isa = PBXFrameworksBuildPhase;
			buildActionMask = 2147483647;
			files = (
				D7B4EB201CD5A458008D62BB /* SystemConfiguration.framework in Frameworks */,
			);
			runOnlyForDeploymentPostprocessing = 0;
		};
/* End PBXFrameworksBuildPhase section */

/* Begin PBXGroup section */
		D7B4EB1E1CD5A43A008D62BB /* Frameworks */ = {
			isa = PBXGroup;
			children = (
				D7B4EB1F1CD5A458008D62BB /* SystemConfiguration.framework */,
			);
			name = Frameworks;
			path = Library;
			sourceTree = "<group>";
		};
		D7B67FBF1CD4EC320034AFEF /* Controller */ = {
			isa = PBXGroup;
			children = (
				D7B67FCE1CD4EDC60034AFEF /* GuideViewController.swift */,
				D7B4EB211CD5AA28008D62BB /* HomeViewController.swift */,
			);
			path = Controller;
			sourceTree = "<group>";
		};
		D7B67FC01CD4EC320034AFEF /* Library */ = {
			isa = PBXGroup;
			children = (
				D7B67FC11CD4EC320034AFEF /* Base */,
				D7B67FC21CD4EC320034AFEF /* Reachability */,
			);
			path = Library;
			sourceTree = "<group>";
		};
		D7B67FC11CD4EC320034AFEF /* Base */ = {
			isa = PBXGroup;
			children = (
				D7B67FD01CD4EDE90034AFEF /* BaseViewController.swift */,
			);
			path = Base;
			sourceTree = "<group>";
		};
		D7B67FC21CD4EC320034AFEF /* Reachability */ = {
			isa = PBXGroup;
			children = (
				D7B67FC91CD4EC8B0034AFEF /* Reachability.h */,
				D7B67FCA1CD4EC8B0034AFEF /* Reachability.m */,
			);
			path = Reachability;
			sourceTree = "<group>";
		};
		D7B67FC31CD4EC320034AFEF /* Model */ = {
			isa = PBXGroup;
			children = (
				D7B4EB1C1CD5A370008D62BB /* Constant.swift */,
			);
			path = Model;
			sourceTree = "<group>";
		};
		D7B67FC41CD4EC320034AFEF /* View */ = {
			isa = PBXGroup;
			children = (
				D7B4EB251CD5C38C008D62BB /* Protocol.swift */,
			);
			path = View;
			sourceTree = "<group>";
		};
		D7B67FCD1CD4ECF30034AFEF /* Others */ = {
			isa = PBXGroup;
			children = (
				D7CC6D301CD346DA004FB7F8 /* AppDelegate.swift */,
				D7CC6D371CD346DA004FB7F8 /* Assets.xcassets */,
				D7CC6D341CD346DA004FB7F8 /* Main.storyboard */,
				D7CC6D391CD346DA004FB7F8 /* LaunchScreen.storyboard */,
				D7B67FCC1CD4ECB10034AFEF /* iVegetables-Bridging-Header.h */,
				D7CC6D3C1CD346DA004FB7F8 /* Info.plist */,
			);
			name = Others;
			sourceTree = "<group>";
		};
		D7CC6D241CD346DA004FB7F8 = {
			isa = PBXGroup;
			children = (
				D7CC6D2F1CD346DA004FB7F8 /* iVegetables */,
				D7CC6D2E1CD346DA004FB7F8 /* Products */,
			);
			sourceTree = "<group>";
		};
		D7CC6D2E1CD346DA004FB7F8 /* Products */ = {
			isa = PBXGroup;
			children = (
				D7CC6D2D1CD346DA004FB7F8 /* iVegetables.app */,
			);
			name = Products;
			sourceTree = "<group>";
		};
		D7CC6D2F1CD346DA004FB7F8 /* iVegetables */ = {
			isa = PBXGroup;
			children = (
				D7B67FC01CD4EC320034AFEF /* Library */,
				D7B67FC31CD4EC320034AFEF /* Model */,
				D7B67FC41CD4EC320034AFEF /* View */,
				D7B67FBF1CD4EC320034AFEF /* Controller */,
				D7B67FCD1CD4ECF30034AFEF /* Others */,
				D7B4EB1E1CD5A43A008D62BB /* Frameworks */,
			);
			path = iVegetables;
			sourceTree = "<group>";
		};
/* End PBXGroup section */

/* Begin PBXNativeTarget section */
		D7CC6D2C1CD346DA004FB7F8 /* iVegetables */ = {
			isa = PBXNativeTarget;
			buildConfigurationList = D7CC6D3F1CD346DA004FB7F8 /* Build configuration list for PBXNativeTarget "iVegetables" */;
			buildPhases = (
				D7CC6D291CD346DA004FB7F8 /* Sources */,
				D7CC6D2A1CD346DA004FB7F8 /* Frameworks */,
				D7CC6D2B1CD346DA004FB7F8 /* Resources */,
			);
			buildRules = (
			);
			dependencies = (
			);
			name = iVegetables;
			productName = iVegetables;
			productReference = D7CC6D2D1CD346DA004FB7F8 /* iVegetables.app */;
			productType = "com.apple.product-type.application";
		};
/* End PBXNativeTarget section */

/* Begin PBXProject section */
		D7CC6D251CD346DA004FB7F8 /* Project object */ = {
			isa = PBXProject;
			attributes = {
				LastSwiftUpdateCheck = 0730;
				LastUpgradeCheck = 0730;
				ORGANIZATIONNAME = Sun;
				TargetAttributes = {
					D7CC6D2C1CD346DA004FB7F8 = {
						CreatedOnToolsVersion = 7.3;
						DevelopmentTeam = DYEHXDUCVE;
					};
				};
			};
			buildConfigurationList = D7CC6D281CD346DA004FB7F8 /* Build configuration list for PBXProject "iVegetables" */;
			compatibilityVersion = "Xcode 3.2";
			developmentRegion = English;
			hasScannedForEncodings = 0;
			knownRegions = (
				en,
				Base,
			);
			mainGroup = D7CC6D241CD346DA004FB7F8;
			productRefGroup = D7CC6D2E1CD346DA004FB7F8 /* Products */;
			projectDirPath = "";
			projectRoot = "";
			targets = (
				D7CC6D2C1CD346DA004FB7F8 /* iVegetables */,
			);
		};
/* End PBXProject section */

/* Begin PBXResourcesBuildPhase section */
		D7CC6D2B1CD346DA004FB7F8 /* Resources */ = {
			isa = PBXResourcesBuildPhase;
			buildActionMask = 2147483647;
			files = (
				D7CC6D3B1CD346DA004FB7F8 /* LaunchScreen.storyboard in Resources */,
				D7CC6D381CD346DA004FB7F8 /* Assets.xcassets in Resources */,
				D7CC6D361CD346DA004FB7F8 /* Main.storyboard in Resources */,
			);
			runOnlyForDeploymentPostprocessing = 0;
		};
/* End PBXResourcesBuildPhase section */

/* Begin PBXSourcesBuildPhase section */
		D7CC6D291CD346DA004FB7F8 /* Sources */ = {
			isa = PBXSourcesBuildPhase;
			buildActionMask = 2147483647;
			files = (
				D7B4EB1D1CD5A370008D62BB /* Constant.swift in Sources */,
				D7B67FCB1CD4EC8B0034AFEF /* Reachability.m in Sources */,
				D7B67FD11CD4EDE90034AFEF /* BaseViewController.swift in Sources */,
				D7CC6D311CD346DA004FB7F8 /* AppDelegate.swift in Sources */,
				D7B4EB261CD5C38C008D62BB /* Protocol.swift in Sources */,
				D7B67FCF1CD4EDC60034AFEF /* GuideViewController.swift in Sources */,
				D7B4EB221CD5AA28008D62BB /* HomeViewController.swift in Sources */,
			);
			runOnlyForDeploymentPostprocessing = 0;
		};
/* End PBXSourcesBuildPhase section */

/* Begin PBXVariantGroup section */
		D7CC6D341CD346DA004FB7F8 /* Main.storyboard */ = {
			isa = PBXVariantGroup;
			children = (
				D7CC6D351CD346DA004FB7F8 /* Base */,
			);
			name = Main.storyboard;
			sourceTree = "<group>";
		};
		D7CC6D391CD346DA004FB7F8 /* LaunchScreen.storyboard */ = {
			isa = PBXVariantGroup;
			children = (
				D7CC6D3A1CD346DA004FB7F8 /* Base */,
			);
			name = LaunchScreen.storyboard;
			sourceTree = "<group>";
		};
/* End PBXVariantGroup section */

/* Begin XCBuildConfiguration section */
		D7CC6D3D1CD346DA004FB7F8 /* Debug */ = {
			isa = XCBuildConfiguration;
			buildSettings = {
				ALWAYS_SEARCH_USER_PATHS = NO;
				CLANG_ANALYZER_NONNULL = YES;
				CLANG_CXX_LANGUAGE_STANDARD = "gnu++0x";
				CLANG_CXX_LIBRARY = "libc++";
				CLANG_ENABLE_MODULES = YES;
				CLANG_ENABLE_OBJC_ARC = YES;
				CLANG_WARN_BOOL_CONVERSION = YES;
				CLANG_WARN_CONSTANT_CONVERSION = YES;
				CLANG_WARN_DIRECT_OBJC_ISA_USAGE = YES_ERROR;
				CLANG_WARN_EMPTY_BODY = YES;
				CLANG_WARN_ENUM_CONVERSION = YES;
				CLANG_WARN_INT_CONVERSION = YES;
				CLANG_WARN_OBJC_ROOT_CLASS = YES_ERROR;
				CLANG_WARN_UNREACHABLE_CODE = YES;
				CLANG_WARN__DUPLICATE_METHOD_MATCH = YES;
				"CODE_SIGN_IDENTITY[sdk=iphoneos*]" = "iPhone Developer";
				COPY_PHASE_STRIP = NO;
				DEBUG_INFORMATION_FORMAT = dwarf;
				ENABLE_STRICT_OBJC_MSGSEND = YES;
				ENABLE_TESTABILITY = YES;
				GCC_C_LANGUAGE_STANDARD = gnu99;
				GCC_DYNAMIC_NO_PIC = NO;
				GCC_NO_COMMON_BLOCKS = YES;
				GCC_OPTIMIZATION_LEVEL = 0;
				GCC_PREPROCESSOR_DEFINITIONS = (
					"DEBUG=1",
					"$(inherited)",
				);
				GCC_WARN_64_TO_32_BIT_CONVERSION = YES;
				GCC_WARN_ABOUT_RETURN_TYPE = YES_ERROR;
				GCC_WARN_UNDECLARED_SELECTOR = YES;
				GCC_WARN_UNINITIALIZED_AUTOS = YES_AGGRESSIVE;
				GCC_WARN_UNUSED_FUNCTION = YES;
				GCC_WARN_UNUSED_VARIABLE = YES;
				IPHONEOS_DEPLOYMENT_TARGET = 9.3;
				MTL_ENABLE_DEBUG_INFO = YES;
				ONLY_ACTIVE_ARCH = YES;
				SDKROOT = iphoneos;
				SWIFT_OPTIMIZATION_LEVEL = "-Onone";
			};
			name = Debug;
		};
		D7CC6D3E1CD346DA004FB7F8 /* Release */ = {
			isa = XCBuildConfiguration;
			buildSettings = {
				ALWAYS_SEARCH_USER_PATHS = NO;
				CLANG_ANALYZER_NONNULL = YES;
				CLANG_CXX_LANGUAGE_STANDARD = "gnu++0x";
				CLANG_CXX_LIBRARY = "libc++";
				CLANG_ENABLE_MODULES = YES;
				CLANG_ENABLE_OBJC_ARC = YES;
				CLANG_WARN_BOOL_CONVERSION = YES;
				CLANG_WARN_CONSTANT_CONVERSION = YES;
				CLANG_WARN_DIRECT_OBJC_ISA_USAGE = YES_ERROR;
				CLANG_WARN_EMPTY_BODY = YES;
				CLANG_WARN_ENUM_CONVERSION = YES;
				CLANG_WARN_INT_CONVERSION = YES;
				CLANG_WARN_OBJC_ROOT_CLASS = YES_ERROR;
				CLANG_WARN_UNREACHABLE_CODE = YES;
				CLANG_WARN__DUPLICATE_METHOD_MATCH = YES;
				"CODE_SIGN_IDENTITY[sdk=iphoneos*]" = "iPhone Developer";
				COPY_PHASE_STRIP = NO;
				DEBUG_INFORMATION_FORMAT = "dwarf-with-dsym";
				ENABLE_NS_ASSERTIONS = NO;
				ENABLE_STRICT_OBJC_MSGSEND = YES;
				GCC_C_LANGUAGE_STANDARD = gnu99;
				GCC_NO_COMMON_BLOCKS = YES;
				GCC_WARN_64_TO_32_BIT_CONVERSION = YES;
				GCC_WARN_ABOUT_RETURN_TYPE = YES_ERROR;
				GCC_WARN_UNDECLARED_SELECTOR = YES;
				GCC_WARN_UNINITIALIZED_AUTOS = YES_AGGRESSIVE;
				GCC_WARN_UNUSED_FUNCTION = YES;
				GCC_WARN_UNUSED_VARIABLE = YES;
				IPHONEOS_DEPLOYMENT_TARGET = 9.3;
				MTL_ENABLE_DEBUG_INFO = NO;
				SDKROOT = iphoneos;
				VALIDATE_PRODUCT = YES;
			};
			name = Release;
		};
		D7CC6D401CD346DA004FB7F8 /* Debug */ = {
			isa = XCBuildConfiguration;
			buildSettings = {
				ASSETCATALOG_COMPILER_APPICON_NAME = AppIcon;
				CLANG_ENABLE_MODULES = YES;
				INFOPLIST_FILE = iVegetables/Info.plist;
				LD_RUNPATH_SEARCH_PATHS = "$(inherited) @executable_path/Frameworks";
				PRODUCT_BUNDLE_IDENTIFIER = solo.demo.iVegetables;
				PRODUCT_NAME = "$(TARGET_NAME)";
				SWIFT_OBJC_BRIDGING_HEADER = "iVegetables/iVegetables-Bridging-Header.h";
				SWIFT_OPTIMIZATION_LEVEL = "-Onone";
			};
			name = Debug;
		};
		D7CC6D411CD346DA004FB7F8 /* Release */ = {
			isa = XCBuildConfiguration;
			buildSettings = {
				ASSETCATALOG_COMPILER_APPICON_NAME = AppIcon;
				CLANG_ENABLE_MODULES = YES;
				INFOPLIST_FILE = iVegetables/Info.plist;
				LD_RUNPATH_SEARCH_PATHS = "$(inherited) @executable_path/Frameworks";
				PRODUCT_BUNDLE_IDENTIFIER = solo.demo.iVegetables;
				PRODUCT_NAME = "$(TARGET_NAME)";
				SWIFT_OBJC_BRIDGING_HEADER = "iVegetables/iVegetables-Bridging-Header.h";
			};
			name = Release;
		};
/* End XCBuildConfiguration section */

/* Begin XCConfigurationList section */
		D7CC6D281CD346DA004FB7F8 /* Build configuration list for PBXProject "iVegetables" */ = {
			isa = XCConfigurationList;
			buildConfigurations = (
				D7CC6D3D1CD346DA004FB7F8 /* Debug */,
				D7CC6D3E1CD346DA004FB7F8 /* Release */,
			);
			defaultConfigurationIsVisible = 0;
			defaultConfigurationName = Release;
		};
		D7CC6D3F1CD346DA004FB7F8 /* Build configuration list for PBXNativeTarget "iVegetables" */ = {
			isa = XCConfigurationList;
			buildConfigurations = (
				D7CC6D401CD346DA004FB7F8 /* Debug */,
				D7CC6D411CD346DA004FB7F8 /* Release */,
			);
			defaultConfigurationIsVisible = 0;
			defaultConfigurationName = Release;
		};
/* End XCConfigurationList section */
	};
	rootObject = D7CC6D251CD346DA004FB7F8 /* Project object */;
}
